
Microsoft Visual Studio Solution File, Format Version 12.00
# Visual Studio Version 16
VisualStudioVersion = 16.0.29025.244
MinimumVisualStudioVersion = 10.0.40219.1
Project("{FAE04EC0-301F-11D3-BF4B-00C04F79EFBC}") = "Frogger_Blogger", "Frogger_Blogger\Frogger_Blogger.csproj", "{0864A92B-8BBA-4961-9D94-0AA59B9B8736}"
EndProject
Global
	GlobalSection(SolutionConfigurationPlatforms) = preSolution
		Debug|Any CPU = Debug|Any CPU
		Release|Any CPU = Release|Any CPU
	EndGlobalSection
	GlobalSection(ProjectConfigurationPlatforms) = postSolution
		{0864A92B-8BBA-4961-9D94-0AA59B9B8736}.Debug|Any CPU.ActiveCfg = Debug|Any CPU
		{0864A92B-8BBA-4961-9D94-0AA59B9B8736}.Debug|Any CPU.Build.0 = Debug|Any CPU
		{0864A92B-8BBA-4961-9D94-0AA59B9B8736}.Release|Any CPU.ActiveCfg = Release|Any CPU
		{0864A92B-8BBA-4961-9D94-0AA59B9B8736}.Release|Any CPU.Build.0 = Release|Any CPU
	EndGlobalSection
	GlobalSection(SolutionProperties) = preSolution
		HideSolutionNode = FALSE
	EndGlobalSection
	GlobalSection(ExtensibilityGlobals) = postSolution
		SolutionGuid = {0AD9F865-E91A-446F-B465-6667089DE197}
	EndGlobalSection
EndGlobal
